
Microsoft Visual Studio Solution File, Format Version 12.00
# Visual Studio Version 17
VisualStudioVersion = 17.4.33205.214
MinimumVisualStudioVersion = 10.0.40219.1
Project("{FAE04EC0-301F-11D3-BF4B-00C04F79EFBC}") = "MailsOnRepeat", "MailsOnRepeat\MailsOnRepeat.csproj", "{1DDF7440-3CA7-495E-BC9A-82FEED420510}"
EndProject
Global
	GlobalSection(SolutionConfigurationPlatforms) = preSolution
		Debug|Any CPU = Debug|Any CPU
		Release|Any CPU = Release|Any CPU
	EndGlobalSection
	GlobalSection(ProjectConfigurationPlatforms) = postSolution
		{1DDF7440-3CA7-495E-BC9A-82FEED420510}.Debug|Any CPU.ActiveCfg = Debug|Any CPU
		{1DDF7440-3CA7-495E-BC9A-82FEED420510}.Debug|Any CPU.Build.0 = Debug|Any CPU
		{1DDF7440-3CA7-495E-BC9A-82FEED420510}.Release|Any CPU.ActiveCfg = Release|Any CPU
		{1DDF7440-3CA7-495E-BC9A-82FEED420510}.Release|Any CPU.Build.0 = Release|Any CPU
	EndGlobalSection
	GlobalSection(SolutionProperties) = preSolution
		HideSolutionNode = FALSE
	EndGlobalSection
	GlobalSection(ExtensibilityGlobals) = postSolution
		SolutionGuid = {2ED8AACA-EDFA-4162-A173-FDC315953EA0}
	EndGlobalSection
EndGlobal
